
Microsoft Visual Studio Solution File, Format Version 12.00
# Visual Studio 15
VisualStudioVersion = 15.0.28307.645
MinimumVisualStudioVersion = 10.0.40219.1
Project("{FAE04EC0-301F-11D3-BF4B-00C04F79EFBC}") = "relairline", "relairline\relairline.csproj", "{154B1062-4766-4ABB-A5BF-AC2C5A5318B1}"
EndProject
Global
	GlobalSection(SolutionConfigurationPlatforms) = preSolution
		Debug|Any CPU = Debug|Any CPU
		Release|Any CPU = Release|Any CPU
	EndGlobalSection
	GlobalSection(ProjectConfigurationPlatforms) = postSolution
		{154B1062-4766-4ABB-A5BF-AC2C5A5318B1}.Debug|Any CPU.ActiveCfg = Debug|Any CPU
		{154B1062-4766-4ABB-A5BF-AC2C5A5318B1}.Debug|Any CPU.Build.0 = Debug|Any CPU
		{154B1062-4766-4ABB-A5BF-AC2C5A5318B1}.Release|Any CPU.ActiveCfg = Release|Any CPU
		{154B1062-4766-4ABB-A5BF-AC2C5A5318B1}.Release|Any CPU.Build.0 = Release|Any CPU
	EndGlobalSection
	GlobalSection(SolutionProperties) = preSolution
		HideSolutionNode = FALSE
	EndGlobalSection
	GlobalSection(ExtensibilityGlobals) = postSolution
		SolutionGuid = {56E01A82-F468-4441-AB40-2D48DB7838A3}
	EndGlobalSection
EndGlobal
